// !$*UTF8*$!
{
	archiveVersion = 1;
	classes = {
	};
	objectVersion = 46;
	objects = {

/* Begin PBXBuildFile section */
		1856FBCF1E81B6CB00473FD4 /* AppDelegate.swift in Sources */ = {isa = PBXBuildFile; fileRef = 1856FBCE1E81B6CB00473FD4 /* AppDelegate.swift */; };
		1856FBD11E81B6CB00473FD4 /* ViewController.swift in Sources */ = {isa = PBXBuildFile; fileRef = 1856FBD01E81B6CB00473FD4 /* ViewController.swift */; };
		1856FBD41E81B6CB00473FD4 /* Main.storyboard in Resources */ = {isa = PBXBuildFile; fileRef = 1856FBD21E81B6CB00473FD4 /* Main.storyboard */; };
		1856FBD61E81B6CB00473FD4 /* Assets.xcassets in Resources */ = {isa = PBXBuildFile; fileRef = 1856FBD51E81B6CB00473FD4 /* Assets.xcassets */; };
		1856FBD91E81B6CB00473FD4 /* LaunchScreen.storyboard in Resources */ = {isa = PBXBuildFile; fileRef = 1856FBD71E81B6CB00473FD4 /* LaunchScreen.storyboard */; };
/* End PBXBuildFile section */

/* Begin PBXFileReference section */
		1856FBCB1E81B6CB00473FD4 /* RomanNumerals.app */ = {isa = PBXFileReference; explicitFileType = wrapper.application; includeInIndex = 0; path = RomanNumerals.app; sourceTree = BUILT_PRODUCTS_DIR; };
		1856FBCE1E81B6CB00473FD4 /* AppDelegate.swift */ = {isa = PBXFileReference; lastKnownFileType = sourcecode.swift; path = AppDelegate.swift; sourceTree = "<group>"; };
		1856FBD01E81B6CB00473FD4 /* ViewController.swift */ = {isa = PBXFileReference; lastKnownFileType = sourcecode.swift; path = ViewController.swift; sourceTree = "<group>"; };
		1856FBD31E81B6CB00473FD4 /* Base */ = {isa = PBXFileReference; lastKnownFileType = file.storyboard; name = Base; path = Base.lproj/Main.storyboard; sourceTree = "<group>"; };
		1856FBD51E81B6CB00473FD4 /* Assets.xcassets */ = {isa = PBXFileReference; lastKnownFileType = folder.assetcatalog; path = Assets.xcassets; sourceTree = "<group>"; };
		1856FBD81E81B6CB00473FD4 /* Base */ = {isa = PBXFileReference; lastKnownFileType = file.storyboard; name = Base; path = Base.lproj/LaunchScreen.storyboard; sourceTree = "<group>"; };
		1856FBDA1E81B6CB00473FD4 /* Info.plist */ = {isa = PBXFileReference; lastKnownFileType = text.plist.xml; path = Info.plist; sourceTree = "<group>"; };
/* End PBXFileReference section */

/* Begin PBXFrameworksBuildPhase section */
		1856FBC81E81B6CA00473FD4 /* Frameworks */ = {
			isa = PBXFrameworksBuildPhase;
			buildActionMask = 2147483647;
			files = (
			);
			runOnlyForDeploymentPostprocessing = 0;
		};
/* End PBXFrameworksBuildPhase section */

/* Begin PBXGroup section */
		1856FBC21E81B6CA00473FD4 = {
			isa = PBXGroup;
			children = (
				1856FBCD1E81B6CB00473FD4 /* RomanNumerals */,
				1856FBCC1E81B6CB00473FD4 /* Products */,
			);
			sourceTree = "<group>";
		};
		1856FBCC1E81B6CB00473FD4 /* Products */ = {
			isa = PBXGroup;
			children = (
				1856FBCB1E81B6CB00473FD4 /* RomanNumerals.app */,
			);
			name = Products;
			sourceTree = "<group>";
		};
		1856FBCD1E81B6CB00473FD4 /* RomanNumerals */ = {
			isa = PBXGroup;
			children = (
				1856FBCE1E81B6CB00473FD4 /* AppDelegate.swift */,
				1856FBD01E81B6CB00473FD4 /* ViewController.swift */,
				1856FBD21E81B6CB00473FD4 /* Main.storyboard */,
				1856FBD51E81B6CB00473FD4 /* Assets.xcassets */,
				1856FBD71E81B6CB00473FD4 /* LaunchScreen.storyboard */,
				1856FBDA1E81B6CB00473FD4 /* Info.plist */,
			);
			path = RomanNumerals;
			sourceTree = "<group>";
		};
/* End PBXGroup section */

/* Begin PBXNativeTarget section */
		1856FBCA1E81B6CA00473FD4 /* RomanNumerals */ = {
			isa = PBXNativeTarget;
			buildConfigurationList = 1856FBDD1E81B6CB00473FD4 /* Build configuration list for PBXNativeTarget "RomanNumerals" */;
			buildPhases = (
				1856FBC71E81B6CA00473FD4 /* Sources */,
				1856FBC81E81B6CA00473FD4 /* Frameworks */,
				1856FBC91E81B6CA00473FD4 /* Resources */,
			);
			buildRules = (
			);
			dependencies = (
			);
			name = RomanNumerals;
			productName = RomanNumerals;
			productReference = 1856FBCB1E81B6CB00473FD4 /* RomanNumerals.app */;
			productType = "com.apple.product-type.application";
		};
/* End PBXNativeTarget section */

/* Begin PBXProject section */
		1856FBC31E81B6CA00473FD4 /* Project object */ = {
			isa = PBXProject;
			attributes = {
				LastSwiftUpdateCheck = 0820;
				LastUpgradeCheck = 0820;
				ORGANIZATIONNAME = "Stefan Petcu";
				TargetAttributes = {
					1856FBCA1E81B6CA00473FD4 = {
						CreatedOnToolsVersion = 8.2.1;
						DevelopmentTeam = W58E68Y3XR;
						ProvisioningStyle = Automatic;
					};
				};
			};
			buildConfigurationList = 1856FBC61E81B6CA00473FD4 /* Build configuration list for PBXProject "RomanNumerals" */;
			compatibilityVersion = "Xcode 3.2";
			developmentRegion = English;
			hasScannedForEncodings = 0;
			knownRegions = (
				en,
				Base,
			);
			mainGroup = 1856FBC21E81B6CA00473FD4;
			productRefGroup = 1856FBCC1E81B6CB00473FD4 /* Products */;
			projectDirPath = "";
			projectRoot = "";
			targets = (
				1856FBCA1E81B6CA00473FD4 /* RomanNumerals */,
			);
		};
/* End PBXProject section */

/* Begin PBXResourcesBuildPhase section */
		1856FBC91E81B6CA00473FD4 /* Resources */ = {
			isa = PBXResourcesBuildPhase;
			buildActionMask = 2147483647;
			files = (
				1856FBD91E81B6CB00473FD4 /* LaunchScreen.storyboard in Resources */,
				1856FBD61E81B6CB00473FD4 /* Assets.xcassets in Resources */,
				1856FBD41E81B6CB00473FD4 /* Main.storyboard in Resources */,
			);
			runOnlyForDeploymentPostprocessing = 0;
		};
/* End PBXResourcesBuildPhase section */

/* Begin PBXSourcesBuildPhase section */
		1856FBC71E81B6CA00473FD4 /* Sources */ = {
			isa = PBXSourcesBuildPhase;
			buildActionMask = 2147483647;
			files = (
				1856FBD11E81B6CB00473FD4 /* ViewController.swift in Sources */,
				1856FBCF1E81B6CB00473FD4 /* AppDelegate.swift in Sources */,
			);
			runOnlyForDeploymentPostprocessing = 0;
		};
/* End PBXSourcesBuildPhase section */

/* Begin PBXVariantGroup section */
		1856FBD21E81B6CB00473FD4 /* Main.storyboard */ = {
			isa = PBXVariantGroup;
			children = (
				1856FBD31E81B6CB00473FD4 /* Base */,
			);
			name = Main.storyboard;
			sourceTree = "<group>";
		};
		1856FBD71E81B6CB00473FD4 /* LaunchScreen.storyboard */ = {
			isa = PBXVariantGroup;
			children = (
				1856FBD81E81B6CB00473FD4 /* Base */,
			);
			name = LaunchScreen.storyboard;
			sourceTree = "<group>";
		};
/* End PBXVariantGroup section */

/* Begin XCBuildConfiguration section */
		1856FBDB1E81B6CB00473FD4 /* Debug */ = {
			isa = XCBuildConfiguration;
			buildSettings = {
				ALWAYS_SEARCH_USER_PATHS = NO;
				CLANG_ANALYZER_NONNULL = YES;
				CLANG_CXX_LANGUAGE_STANDARD = "gnu++0x";
				CLANG_CXX_LIBRARY = "libc++";
				CLANG_ENABLE_MODULES = YES;
				CLANG_ENABLE_OBJC_ARC = YES;
				CLANG_WARN_BOOL_CONVERSION = YES;
				CLANG_WARN_CONSTANT_CONVERSION = YES;
				CLANG_WARN_DIRECT_OBJC_ISA_USAGE = YES_ERROR;
				CLANG_WARN_DOCUMENTATION_COMMENTS = YES;
				CLANG_WARN_EMPTY_BODY = YES;
				CLANG_WARN_ENUM_CONVERSION = YES;
				CLANG_WARN_INFINITE_RECURSION = YES;
				CLANG_WARN_INT_CONVERSION = YES;
				CLANG_WARN_OBJC_ROOT_CLASS = YES_ERROR;
				CLANG_WARN_SUSPICIOUS_MOVE = YES;
				CLANG_WARN_UNREACHABLE_CODE = YES;
				CLANG_WARN__DUPLICATE_METHOD_MATCH = YES;
				"CODE_SIGN_IDENTITY[sdk=iphoneos*]" = "iPhone Developer";
				COPY_PHASE_STRIP = NO;
				DEBUG_INFORMATION_FORMAT = dwarf;
				ENABLE_STRICT_OBJC_MSGSEND = YES;
				ENABLE_TESTABILITY = YES;
				GCC_C_LANGUAGE_STANDARD = gnu99;
				GCC_DYNAMIC_NO_PIC = NO;
				GCC_NO_COMMON_BLOCKS = YES;
				GCC_OPTIMIZATION_LEVEL = 0;
				GCC_PREPROCESSOR_DEFINITIONS = (
					"DEBUG=1",
					"$(inherited)",
				);
				GCC_WARN_64_TO_32_BIT_CONVERSION = YES;
				GCC_WARN_ABOUT_RETURN_TYPE = YES_ERROR;
				GCC_WARN_UNDECLARED_SELECTOR = YES;
				GCC_WARN_UNINITIALIZED_AUTOS = YES_AGGRESSIVE;
				GCC_WARN_UNUSED_FUNCTION = YES;
				GCC_WARN_UNUSED_VARIABLE = YES;
				IPHONEOS_DEPLOYMENT_TARGET = 10.2;
				MTL_ENABLE_DEBUG_INFO = YES;
				ONLY_ACTIVE_ARCH = YES;
				SDKROOT = iphoneos;
				SWIFT_ACTIVE_COMPILATION_CONDITIONS = DEBUG;
				SWIFT_OPTIMIZATION_LEVEL = "-Onone";
				TARGETED_DEVICE_FAMILY = "1,2";
			};
			name = Debug;
		};
		1856FBDC1E81B6CB00473FD4 /* Release */ = {
			isa = XCBuildConfiguration;
			buildSettings = {
				ALWAYS_SEARCH_USER_PATHS = NO;
				CLANG_ANALYZER_NONNULL = YES;
				CLANG_CXX_LANGUAGE_STANDARD = "gnu++0x";
				CLANG_CXX_LIBRARY = "libc++";
				CLANG_ENABLE_MODULES = YES;
				CLANG_ENABLE_OBJC_ARC = YES;
				CLANG_WARN_BOOL_CONVERSION = YES;
				CLANG_WARN_CONSTANT_CONVERSION = YES;
				CLANG_WARN_DIRECT_OBJC_ISA_USAGE = YES_ERROR;
				CLANG_WARN_DOCUMENTATION_COMMENTS = YES;
				CLANG_WARN_EMPTY_BODY = YES;
				CLANG_WARN_ENUM_CONVERSION = YES;
				CLANG_WARN_INFINITE_RECURSION = YES;
				CLANG_WARN_INT_CONVERSION = YES;
				CLANG_WARN_OBJC_ROOT_CLASS = YES_ERROR;
				CLANG_WARN_SUSPICIOUS_MOVE = YES;
				CLANG_WARN_UNREACHABLE_CODE = YES;
				CLANG_WARN__DUPLICATE_METHOD_MATCH = YES;
				"CODE_SIGN_IDENTITY[sdk=iphoneos*]" = "iPhone Developer";
				COPY_PHASE_STRIP = NO;
				DEBUG_INFORMATION_FORMAT = "dwarf-with-dsym";
				ENABLE_NS_ASSERTIONS = NO;
				ENABLE_STRICT_OBJC_MSGSEND = YES;
				GCC_C_LANGUAGE_STANDARD = gnu99;
				GCC_NO_COMMON_BLOCKS = YES;
				GCC_WARN_64_TO_32_BIT_CONVERSION = YES;
				GCC_WARN_ABOUT_RETURN_TYPE = YES_ERROR;
				GCC_WARN_UNDECLARED_SELECTOR = YES;
				GCC_WARN_UNINITIALIZED_AUTOS = YES_AGGRESSIVE;
				GCC_WARN_UNUSED_FUNCTION = YES;
				GCC_WARN_UNUSED_VARIABLE = YES;
				IPHONEOS_DEPLOYMENT_TARGET = 10.2;
				MTL_ENABLE_DEBUG_INFO = NO;
				SDKROOT = iphoneos;
				SWIFT_OPTIMIZATION_LEVEL = "-Owholemodule";
				TARGETED_DEVICE_FAMILY = "1,2";
				VALIDATE_PRODUCT = YES;
			};
			name = Release;
		};
		1856FBDE1E81B6CB00473FD4 /* Debug */ = {
			isa = XCBuildConfiguration;
			buildSettings = {
				ASSETCATALOG_COMPILER_APPICON_NAME = AppIcon;
				DEVELOPMENT_TEAM = W58E68Y3XR;
				INFOPLIST_FILE = RomanNumerals/Info.plist;
				IPHONEOS_DEPLOYMENT_TARGET = 10.0;
				LD_RUNPATH_SEARCH_PATHS = "$(inherited) @executable_path/Frameworks";
				PRODUCT_BUNDLE_IDENTIFIER = stefan.petcu.RomanNumerals;
				PRODUCT_NAME = "$(TARGET_NAME)";
				SWIFT_VERSION = 3.0;
			};
			name = Debug;
		};
		1856FBDF1E81B6CB00473FD4 /* Release */ = {
			isa = XCBuildConfiguration;
			buildSettings = {
				ASSETCATALOG_COMPILER_APPICON_NAME = AppIcon;
				DEVELOPMENT_TEAM = W58E68Y3XR;
				INFOPLIST_FILE = RomanNumerals/Info.plist;
				IPHONEOS_DEPLOYMENT_TARGET = 10.0;
				LD_RUNPATH_SEARCH_PATHS = "$(inherited) @executable_path/Frameworks";
				PRODUCT_BUNDLE_IDENTIFIER = stefan.petcu.RomanNumerals;
				PRODUCT_NAME = "$(TARGET_NAME)";
				SWIFT_VERSION = 3.0;
			};
			name = Release;
		};
/* End XCBuildConfiguration section */

/* Begin XCConfigurationList section */
		1856FBC61E81B6CA00473FD4 /* Build configuration list for PBXProject "RomanNumerals" */ = {
			isa = XCConfigurationList;
			buildConfigurations = (
				1856FBDB1E81B6CB00473FD4 /* Debug */,
				1856FBDC1E81B6CB00473FD4 /* Release */,
			);
			defaultConfigurationIsVisible = 0;
			defaultConfigurationName = Release;
		};
		1856FBDD1E81B6CB00473FD4 /* Build configuration list for PBXNativeTarget "RomanNumerals" */ = {
			isa = XCConfigurationList;
			buildConfigurations = (
				1856FBDE1E81B6CB00473FD4 /* Debug */,
				1856FBDF1E81B6CB00473FD4 /* Release */,
			);
			defaultConfigurationIsVisible = 0;
			defaultConfigurationName = Release;
		};
/* End XCConfigurationList section */
	};
	rootObject = 1856FBC31E81B6CA00473FD4 /* Project object */;
}
